
Microsoft Visual Studio Solution File, Format Version 12.00
# Visual Studio Version 16
VisualStudioVersion = 16.0.29102.190
MinimumVisualStudioVersion = 10.0.40219.1
Project("{9A19103F-16F7-4668-BE54-9A1E7A4F7556}") = "dotnetscrape_lib", "dotnetscrape_lib\dotnetscrape_lib.csproj", "{CE800A03-672A-4AA0-8898-C688FA88CF2B}"
EndProject
Project("{9A19103F-16F7-4668-BE54-9A1E7A4F7556}") = "dotnetscrape_constants", "dotnetscrape_constants\dotnetscrape_constants.csproj", "{D4942DC1-DA22-406C-8D85-2F3A4CF35B97}"
EndProject
Project("{9A19103F-16F7-4668-BE54-9A1E7A4F7556}") = "dotnetscrape_crawler", "dotnetscrape_crawler\dotnetscrape_crawler.csproj", "{546108B2-351C-4FD6-A985-B4F4330517FA}"
EndProject
# Project("{9A19103F-16F7-4668-BE54-9A1E7A4F7556}") = "MergeCSVFiles", "MergeCSVFiles\MergeCSVFiles.csproj", "{8AE4C463-475A-48CE-AB68-0A68F14DEFB5}"
# EndProject
Project("{9A19103F-16F7-4668-BE54-9A1E7A4F7556}") = "PurgeDuplicateSearchResults", "PurgeDuplicateSearchResults\PurgeDuplicateSearchResults.csproj", "{A2A359F6-B79D-47C3-B12A-D9BDC06D52E5}"
EndProject
Project("{9A19103F-16F7-4668-BE54-9A1E7A4F7556}") = "GenerateFullOutput", "GenerateFullOutput\GenerateFullOutput.csproj", "{7BD0BF4B-877F-45D2-AFCF-97F958867F6E}"
EndProject
Project("{9A19103F-16F7-4668-BE54-9A1E7A4F7556}") = "HCPDotNetAPI", "HCPDotNetAPI\HCPDotNetAPI.csproj", "{5DC66336-DE8A-4396-9463-112807C563ED}"
EndProject
Project("{9A19103F-16F7-4668-BE54-9A1E7A4F7556}") = "HCPDotNetGetPricingAndQuantity", "HCPDotNetGetPricingAndQuantity\HCPDotNetGetPricingAndQuantity.csproj", "{D7B9393C-F1B4-4112-80A3-4EBC0809F2A9}"
EndProject
Project("{9A19103F-16F7-4668-BE54-9A1E7A4F7556}") = "HCPDotNetDAL", "HCPDotNetDAL\HCPDotNetDAL.csproj", "{0DCAE029-7321-4DD3-9EDE-8632BC82A42E}"
EndProject
Project("{2150E333-8FDC-42A3-9474-1A3956D46DE8}") = "Utilities", "Utilities", "{DF96FF85-4DA0-4F83-8095-8A4044772201}"
EndProject
Project("{2150E333-8FDC-42A3-9474-1A3956D46DE8}") = "Shared Libraries", "Shared Libraries", "{0BDD5050-A912-409C-9BE4-FED315F9D79D}"
EndProject
Project("{2150E333-8FDC-42A3-9474-1A3956D46DE8}") = "Core Apps", "Core Apps", "{2868ADAF-ED2E-4FE9-9898-429D2065DC0D}"
EndProject
Project("{9A19103F-16F7-4668-BE54-9A1E7A4F7556}") = "PopulateDatabase", "PopulateDatabase\PopulateDatabase.csproj", "{160B1B20-8147-47F5-9D5B-3403FB992F1A}"
EndProject
Project("{9A19103F-16F7-4668-BE54-9A1E7A4F7556}") = "GenerateCSVFromDatabase", "GenerateCSVFromDatabase\GenerateCSVFromDatabase.csproj", "{A8A9B079-C04C-45BC-B8F6-D3C7D3EC6C02}"
EndProject
Project("{9A19103F-16F7-4668-BE54-9A1E7A4F7556}") = "HCPDotNetBLL", "HCPDotNetBLL\HCPDotNetBLL.csproj", "{51AA699A-A33E-4BF4-89F1-0478D5F22B31}"
EndProject
Project("{9A19103F-16F7-4668-BE54-9A1E7A4F7556}") = "RetrievePartCompatibility", "RetrievePartCompatibility\RetrievePartCompatibility.csproj", "{19ED2832-7BFC-48BA-89AA-CC3C1310007A}"
EndProject
Project("{9A19103F-16F7-4668-BE54-9A1E7A4F7556}") = "Decompose", "Decompose\Decompose.csproj", "{134D24FF-AE4D-42CB-82A0-2A2D07DAFB4C}"
EndProject
Project("{2150E333-8FDC-42A3-9474-1A3956D46DE8}") = "Database", "Database", "{D9AD720D-75B2-48B0-B601-D23957CE5EE9}"
	ProjectSection(SolutionItems) = preProject
		Add_Interchange_PartNumber.sql = Add_Interchange_PartNumber.sql
		sp_GetInitialSKUOrderMetrics.sql = sp_GetInitialSKUOrderMetrics.sql
	EndProjectSection
EndProject
Project("{2150E333-8FDC-42A3-9474-1A3956D46DE8}") = "Version 1", "Version 1", "{6D9C59CD-6050-4707-96B3-B5E06E61FB89}"
EndProject
Project("{2150E333-8FDC-42A3-9474-1A3956D46DE8}") = "Version 2", "Version 2", "{7F286CAE-44B9-463C-8625-ABBFC9C4CC6B}"
EndProject
Project("{2150E333-8FDC-42A3-9474-1A3956D46DE8}") = "Trigger Updates", "Trigger Updates", "{97FA45EA-0D3F-4DB3-B373-ED525FBC6BC6}"
EndProject
# Project("{9A19103F-16F7-4668-BE54-9A1E7A4F7556}") = "InventoryProcessor", "InventoryProcessor\InventoryProcessor.csproj", "{64868DCB-C8F9-4072-9F7E-E8A15F16802B}"
# EndProject
Project("{9A19103F-16F7-4668-BE54-9A1E7A4F7556}") = "HCPDotNetOrderInventory", "HCPDotNetOrderInventory\HCPDotNetOrderInventory.csproj", "{485A6FE0-725C-42F1-B053-A86C21614D78}"
EndProject
Global
	GlobalSection(SolutionConfigurationPlatforms) = preSolution
		Debug|Any CPU = Debug|Any CPU
		Debug|x64 = Debug|x64
		Release|Any CPU = Release|Any CPU
		Release|x64 = Release|x64
	EndGlobalSection
	GlobalSection(ProjectConfigurationPlatforms) = postSolution
		{CE800A03-672A-4AA0-8898-C688FA88CF2B}.Debug|Any CPU.ActiveCfg = Debug|Any CPU
		{CE800A03-672A-4AA0-8898-C688FA88CF2B}.Debug|Any CPU.Build.0 = Debug|Any CPU
		{CE800A03-672A-4AA0-8898-C688FA88CF2B}.Debug|x64.ActiveCfg = Debug|x64
		{CE800A03-672A-4AA0-8898-C688FA88CF2B}.Debug|x64.Build.0 = Debug|x64
		{CE800A03-672A-4AA0-8898-C688FA88CF2B}.Release|Any CPU.ActiveCfg = Release|Any CPU
		{CE800A03-672A-4AA0-8898-C688FA88CF2B}.Release|Any CPU.Build.0 = Release|Any CPU
		{CE800A03-672A-4AA0-8898-C688FA88CF2B}.Release|x64.ActiveCfg = Release|x64
		{CE800A03-672A-4AA0-8898-C688FA88CF2B}.Release|x64.Build.0 = Release|x64
		{D4942DC1-DA22-406C-8D85-2F3A4CF35B97}.Debug|Any CPU.ActiveCfg = Debug|Any CPU
		{D4942DC1-DA22-406C-8D85-2F3A4CF35B97}.Debug|Any CPU.Build.0 = Debug|Any CPU
		{D4942DC1-DA22-406C-8D85-2F3A4CF35B97}.Debug|x64.ActiveCfg = Debug|x64
		{D4942DC1-DA22-406C-8D85-2F3A4CF35B97}.Debug|x64.Build.0 = Debug|x64
		{D4942DC1-DA22-406C-8D85-2F3A4CF35B97}.Release|Any CPU.ActiveCfg = Release|Any CPU
		{D4942DC1-DA22-406C-8D85-2F3A4CF35B97}.Release|Any CPU.Build.0 = Release|Any CPU
		{D4942DC1-DA22-406C-8D85-2F3A4CF35B97}.Release|x64.ActiveCfg = Release|x64
		{D4942DC1-DA22-406C-8D85-2F3A4CF35B97}.Release|x64.Build.0 = Release|x64
		{546108B2-351C-4FD6-A985-B4F4330517FA}.Debug|Any CPU.ActiveCfg = Debug|Any CPU
		{546108B2-351C-4FD6-A985-B4F4330517FA}.Debug|Any CPU.Build.0 = Debug|Any CPU
		{546108B2-351C-4FD6-A985-B4F4330517FA}.Debug|x64.ActiveCfg = Debug|x64
		{546108B2-351C-4FD6-A985-B4F4330517FA}.Debug|x64.Build.0 = Debug|x64
		{546108B2-351C-4FD6-A985-B4F4330517FA}.Release|Any CPU.ActiveCfg = Release|Any CPU
		{546108B2-351C-4FD6-A985-B4F4330517FA}.Release|Any CPU.Build.0 = Release|Any CPU
		{546108B2-351C-4FD6-A985-B4F4330517FA}.Release|x64.ActiveCfg = Release|x64
		{546108B2-351C-4FD6-A985-B4F4330517FA}.Release|x64.Build.0 = Release|x64
		# {8AE4C463-475A-48CE-AB68-0A68F14DEFB5}.Debug|Any CPU.ActiveCfg = Debug|Any CPU
		# {8AE4C463-475A-48CE-AB68-0A68F14DEFB5}.Debug|Any CPU.Build.0 = Debug|Any CPU
		# {8AE4C463-475A-48CE-AB68-0A68F14DEFB5}.Debug|x64.ActiveCfg = Debug|x64
		# {8AE4C463-475A-48CE-AB68-0A68F14DEFB5}.Debug|x64.Build.0 = Debug|x64
		# {8AE4C463-475A-48CE-AB68-0A68F14DEFB5}.Release|Any CPU.ActiveCfg = Release|Any CPU
		# {8AE4C463-475A-48CE-AB68-0A68F14DEFB5}.Release|Any CPU.Build.0 = Release|Any CPU
		# {8AE4C463-475A-48CE-AB68-0A68F14DEFB5}.Release|x64.ActiveCfg = Release|x64
		# {8AE4C463-475A-48CE-AB68-0A68F14DEFB5}.Release|x64.Build.0 = Release|x64
		{A2A359F6-B79D-47C3-B12A-D9BDC06D52E5}.Debug|Any CPU.ActiveCfg = Debug|Any CPU
		{A2A359F6-B79D-47C3-B12A-D9BDC06D52E5}.Debug|Any CPU.Build.0 = Debug|Any CPU
		{A2A359F6-B79D-47C3-B12A-D9BDC06D52E5}.Debug|x64.ActiveCfg = Debug|x64
		{A2A359F6-B79D-47C3-B12A-D9BDC06D52E5}.Debug|x64.Build.0 = Debug|x64
		{A2A359F6-B79D-47C3-B12A-D9BDC06D52E5}.Release|Any CPU.ActiveCfg = Release|Any CPU
		{A2A359F6-B79D-47C3-B12A-D9BDC06D52E5}.Release|Any CPU.Build.0 = Release|Any CPU
		{A2A359F6-B79D-47C3-B12A-D9BDC06D52E5}.Release|x64.ActiveCfg = Release|x64
		{A2A359F6-B79D-47C3-B12A-D9BDC06D52E5}.Release|x64.Build.0 = Release|x64
		{7BD0BF4B-877F-45D2-AFCF-97F958867F6E}.Debug|Any CPU.ActiveCfg = Debug|Any CPU
		{7BD0BF4B-877F-45D2-AFCF-97F958867F6E}.Debug|Any CPU.Build.0 = Debug|Any CPU
		{7BD0BF4B-877F-45D2-AFCF-97F958867F6E}.Debug|x64.ActiveCfg = Debug|x64
		{7BD0BF4B-877F-45D2-AFCF-97F958867F6E}.Debug|x64.Build.0 = Debug|x64
		{7BD0BF4B-877F-45D2-AFCF-97F958867F6E}.Release|Any CPU.ActiveCfg = Release|Any CPU
		{7BD0BF4B-877F-45D2-AFCF-97F958867F6E}.Release|Any CPU.Build.0 = Release|Any CPU
		{7BD0BF4B-877F-45D2-AFCF-97F958867F6E}.Release|x64.ActiveCfg = Release|x64
		{7BD0BF4B-877F-45D2-AFCF-97F958867F6E}.Release|x64.Build.0 = Release|x64
		{5DC66336-DE8A-4396-9463-112807C563ED}.Debug|Any CPU.ActiveCfg = Debug|Any CPU
		{5DC66336-DE8A-4396-9463-112807C563ED}.Debug|Any CPU.Build.0 = Debug|Any CPU
		{5DC66336-DE8A-4396-9463-112807C563ED}.Debug|x64.ActiveCfg = Debug|Any CPU
		{5DC66336-DE8A-4396-9463-112807C563ED}.Debug|x64.Build.0 = Debug|Any CPU
		{5DC66336-DE8A-4396-9463-112807C563ED}.Release|Any CPU.ActiveCfg = Release|Any CPU
		{5DC66336-DE8A-4396-9463-112807C563ED}.Release|Any CPU.Build.0 = Release|Any CPU
		{5DC66336-DE8A-4396-9463-112807C563ED}.Release|x64.ActiveCfg = Release|Any CPU
		{5DC66336-DE8A-4396-9463-112807C563ED}.Release|x64.Build.0 = Release|Any CPU
		{D7B9393C-F1B4-4112-80A3-4EBC0809F2A9}.Debug|Any CPU.ActiveCfg = Debug|Any CPU
		{D7B9393C-F1B4-4112-80A3-4EBC0809F2A9}.Debug|Any CPU.Build.0 = Debug|Any CPU
		{D7B9393C-F1B4-4112-80A3-4EBC0809F2A9}.Debug|x64.ActiveCfg = Debug|Any CPU
		{D7B9393C-F1B4-4112-80A3-4EBC0809F2A9}.Debug|x64.Build.0 = Debug|Any CPU
		{D7B9393C-F1B4-4112-80A3-4EBC0809F2A9}.Release|Any CPU.ActiveCfg = Release|Any CPU
		{D7B9393C-F1B4-4112-80A3-4EBC0809F2A9}.Release|Any CPU.Build.0 = Release|Any CPU
		{D7B9393C-F1B4-4112-80A3-4EBC0809F2A9}.Release|x64.ActiveCfg = Release|Any CPU
		{D7B9393C-F1B4-4112-80A3-4EBC0809F2A9}.Release|x64.Build.0 = Release|Any CPU
		{0DCAE029-7321-4DD3-9EDE-8632BC82A42E}.Debug|Any CPU.ActiveCfg = Debug|Any CPU
		{0DCAE029-7321-4DD3-9EDE-8632BC82A42E}.Debug|Any CPU.Build.0 = Debug|Any CPU
		{0DCAE029-7321-4DD3-9EDE-8632BC82A42E}.Debug|x64.ActiveCfg = Debug|Any CPU
		{0DCAE029-7321-4DD3-9EDE-8632BC82A42E}.Debug|x64.Build.0 = Debug|Any CPU
		{0DCAE029-7321-4DD3-9EDE-8632BC82A42E}.Release|Any CPU.ActiveCfg = Release|Any CPU
		{0DCAE029-7321-4DD3-9EDE-8632BC82A42E}.Release|Any CPU.Build.0 = Release|Any CPU
		{0DCAE029-7321-4DD3-9EDE-8632BC82A42E}.Release|x64.ActiveCfg = Release|Any CPU
		{0DCAE029-7321-4DD3-9EDE-8632BC82A42E}.Release|x64.Build.0 = Release|Any CPU
		{160B1B20-8147-47F5-9D5B-3403FB992F1A}.Debug|Any CPU.ActiveCfg = Debug|Any CPU
		{160B1B20-8147-47F5-9D5B-3403FB992F1A}.Debug|Any CPU.Build.0 = Debug|Any CPU
		{160B1B20-8147-47F5-9D5B-3403FB992F1A}.Debug|x64.ActiveCfg = Debug|Any CPU
		{160B1B20-8147-47F5-9D5B-3403FB992F1A}.Debug|x64.Build.0 = Debug|Any CPU
		{160B1B20-8147-47F5-9D5B-3403FB992F1A}.Release|Any CPU.ActiveCfg = Release|Any CPU
		{160B1B20-8147-47F5-9D5B-3403FB992F1A}.Release|Any CPU.Build.0 = Release|Any CPU
		{160B1B20-8147-47F5-9D5B-3403FB992F1A}.Release|x64.ActiveCfg = Release|Any CPU
		{160B1B20-8147-47F5-9D5B-3403FB992F1A}.Release|x64.Build.0 = Release|Any CPU
		{A8A9B079-C04C-45BC-B8F6-D3C7D3EC6C02}.Debug|Any CPU.ActiveCfg = Debug|Any CPU
		{A8A9B079-C04C-45BC-B8F6-D3C7D3EC6C02}.Debug|Any CPU.Build.0 = Debug|Any CPU
		{A8A9B079-C04C-45BC-B8F6-D3C7D3EC6C02}.Debug|x64.ActiveCfg = Debug|Any CPU
		{A8A9B079-C04C-45BC-B8F6-D3C7D3EC6C02}.Debug|x64.Build.0 = Debug|Any CPU
		{A8A9B079-C04C-45BC-B8F6-D3C7D3EC6C02}.Release|Any CPU.ActiveCfg = Release|Any CPU
		{A8A9B079-C04C-45BC-B8F6-D3C7D3EC6C02}.Release|Any CPU.Build.0 = Release|Any CPU
		{A8A9B079-C04C-45BC-B8F6-D3C7D3EC6C02}.Release|x64.ActiveCfg = Release|Any CPU
		{A8A9B079-C04C-45BC-B8F6-D3C7D3EC6C02}.Release|x64.Build.0 = Release|Any CPU
		{51AA699A-A33E-4BF4-89F1-0478D5F22B31}.Debug|Any CPU.ActiveCfg = Debug|Any CPU
		{51AA699A-A33E-4BF4-89F1-0478D5F22B31}.Debug|Any CPU.Build.0 = Debug|Any CPU
		{51AA699A-A33E-4BF4-89F1-0478D5F22B31}.Debug|x64.ActiveCfg = Debug|Any CPU
		{51AA699A-A33E-4BF4-89F1-0478D5F22B31}.Debug|x64.Build.0 = Debug|Any CPU
		{51AA699A-A33E-4BF4-89F1-0478D5F22B31}.Release|Any CPU.ActiveCfg = Release|Any CPU
		{51AA699A-A33E-4BF4-89F1-0478D5F22B31}.Release|Any CPU.Build.0 = Release|Any CPU
		{51AA699A-A33E-4BF4-89F1-0478D5F22B31}.Release|x64.ActiveCfg = Release|Any CPU
		{51AA699A-A33E-4BF4-89F1-0478D5F22B31}.Release|x64.Build.0 = Release|Any CPU
		{19ED2832-7BFC-48BA-89AA-CC3C1310007A}.Debug|Any CPU.ActiveCfg = Debug|Any CPU
		{19ED2832-7BFC-48BA-89AA-CC3C1310007A}.Debug|Any CPU.Build.0 = Debug|Any CPU
		{19ED2832-7BFC-48BA-89AA-CC3C1310007A}.Debug|x64.ActiveCfg = Debug|Any CPU
		{19ED2832-7BFC-48BA-89AA-CC3C1310007A}.Debug|x64.Build.0 = Debug|Any CPU
		{19ED2832-7BFC-48BA-89AA-CC3C1310007A}.Release|Any CPU.ActiveCfg = Release|Any CPU
		{19ED2832-7BFC-48BA-89AA-CC3C1310007A}.Release|Any CPU.Build.0 = Release|Any CPU
		{19ED2832-7BFC-48BA-89AA-CC3C1310007A}.Release|x64.ActiveCfg = Release|Any CPU
		{19ED2832-7BFC-48BA-89AA-CC3C1310007A}.Release|x64.Build.0 = Release|Any CPU
		{134D24FF-AE4D-42CB-82A0-2A2D07DAFB4C}.Debug|Any CPU.ActiveCfg = Debug|Any CPU
		{134D24FF-AE4D-42CB-82A0-2A2D07DAFB4C}.Debug|Any CPU.Build.0 = Debug|Any CPU
		{134D24FF-AE4D-42CB-82A0-2A2D07DAFB4C}.Debug|x64.ActiveCfg = Debug|Any CPU
		{134D24FF-AE4D-42CB-82A0-2A2D07DAFB4C}.Debug|x64.Build.0 = Debug|Any CPU
		{134D24FF-AE4D-42CB-82A0-2A2D07DAFB4C}.Release|Any CPU.ActiveCfg = Release|Any CPU
		{134D24FF-AE4D-42CB-82A0-2A2D07DAFB4C}.Release|Any CPU.Build.0 = Release|Any CPU
		{134D24FF-AE4D-42CB-82A0-2A2D07DAFB4C}.Release|x64.ActiveCfg = Release|Any CPU
		{134D24FF-AE4D-42CB-82A0-2A2D07DAFB4C}.Release|x64.Build.0 = Release|Any CPU
		# {64868DCB-C8F9-4072-9F7E-E8A15F16802B}.Debug|Any CPU.ActiveCfg = Debug|Any CPU
		# {64868DCB-C8F9-4072-9F7E-E8A15F16802B}.Debug|Any CPU.Build.0 = Debug|Any CPU
		# {64868DCB-C8F9-4072-9F7E-E8A15F16802B}.Debug|x64.ActiveCfg = Debug|Any CPU
		# {64868DCB-C8F9-4072-9F7E-E8A15F16802B}.Debug|x64.Build.0 = Debug|Any CPU
		# {64868DCB-C8F9-4072-9F7E-E8A15F16802B}.Release|Any CPU.ActiveCfg = Release|Any CPU
		# {64868DCB-C8F9-4072-9F7E-E8A15F16802B}.Release|Any CPU.Build.0 = Release|Any CPU
		# {64868DCB-C8F9-4072-9F7E-E8A15F16802B}.Release|x64.ActiveCfg = Release|Any CPU
		# {64868DCB-C8F9-4072-9F7E-E8A15F16802B}.Release|x64.Build.0 = Release|Any CPU
		{485A6FE0-725C-42F1-B053-A86C21614D78}.Debug|Any CPU.ActiveCfg = Debug|Any CPU
		{485A6FE0-725C-42F1-B053-A86C21614D78}.Debug|Any CPU.Build.0 = Debug|Any CPU
		{485A6FE0-725C-42F1-B053-A86C21614D78}.Debug|x64.ActiveCfg = Debug|Any CPU
		{485A6FE0-725C-42F1-B053-A86C21614D78}.Debug|x64.Build.0 = Debug|Any CPU
		{485A6FE0-725C-42F1-B053-A86C21614D78}.Release|Any CPU.ActiveCfg = Release|Any CPU
		{485A6FE0-725C-42F1-B053-A86C21614D78}.Release|Any CPU.Build.0 = Release|Any CPU
		{485A6FE0-725C-42F1-B053-A86C21614D78}.Release|x64.ActiveCfg = Release|Any CPU
		{485A6FE0-725C-42F1-B053-A86C21614D78}.Release|x64.Build.0 = Release|Any CPU
	EndGlobalSection
	GlobalSection(SolutionProperties) = preSolution
		HideSolutionNode = FALSE
	EndGlobalSection
	GlobalSection(NestedProjects) = preSolution
		{CE800A03-672A-4AA0-8898-C688FA88CF2B} = {0BDD5050-A912-409C-9BE4-FED315F9D79D}
		{D4942DC1-DA22-406C-8D85-2F3A4CF35B97} = {0BDD5050-A912-409C-9BE4-FED315F9D79D}
		{546108B2-351C-4FD6-A985-B4F4330517FA} = {2868ADAF-ED2E-4FE9-9898-429D2065DC0D}
		# {8AE4C463-475A-48CE-AB68-0A68F14DEFB5} = {DF96FF85-4DA0-4F83-8095-8A4044772201}
		{A2A359F6-B79D-47C3-B12A-D9BDC06D52E5} = {DF96FF85-4DA0-4F83-8095-8A4044772201}
		{7BD0BF4B-877F-45D2-AFCF-97F958867F6E} = {DF96FF85-4DA0-4F83-8095-8A4044772201}
		{5DC66336-DE8A-4396-9463-112807C563ED} = {2868ADAF-ED2E-4FE9-9898-429D2065DC0D}
		{D7B9393C-F1B4-4112-80A3-4EBC0809F2A9} = {2868ADAF-ED2E-4FE9-9898-429D2065DC0D}
		{0DCAE029-7321-4DD3-9EDE-8632BC82A42E} = {0BDD5050-A912-409C-9BE4-FED315F9D79D}
		{160B1B20-8147-47F5-9D5B-3403FB992F1A} = {DF96FF85-4DA0-4F83-8095-8A4044772201}
		{A8A9B079-C04C-45BC-B8F6-D3C7D3EC6C02} = {DF96FF85-4DA0-4F83-8095-8A4044772201}
		{51AA699A-A33E-4BF4-89F1-0478D5F22B31} = {0BDD5050-A912-409C-9BE4-FED315F9D79D}
		{19ED2832-7BFC-48BA-89AA-CC3C1310007A} = {DF96FF85-4DA0-4F83-8095-8A4044772201}
		{134D24FF-AE4D-42CB-82A0-2A2D07DAFB4C} = {DF96FF85-4DA0-4F83-8095-8A4044772201}
		{6D9C59CD-6050-4707-96B3-B5E06E61FB89} = {97FA45EA-0D3F-4DB3-B373-ED525FBC6BC6}
		{7F286CAE-44B9-463C-8625-ABBFC9C4CC6B} = {97FA45EA-0D3F-4DB3-B373-ED525FBC6BC6}
		{97FA45EA-0D3F-4DB3-B373-ED525FBC6BC6} = {D9AD720D-75B2-48B0-B601-D23957CE5EE9}
		# {64868DCB-C8F9-4072-9F7E-E8A15F16802B} = {DF96FF85-4DA0-4F83-8095-8A4044772201}
		{485A6FE0-725C-42F1-B053-A86C21614D78} = {2868ADAF-ED2E-4FE9-9898-429D2065DC0D}
	EndGlobalSection
	GlobalSection(ExtensibilityGlobals) = postSolution
		SolutionGuid = {C495A54F-F7D2-4400-ADB4-86D9D5200E24}
	EndGlobalSection
EndGlobal
